github.com/Nishant-Pall/bengoder v0.1.0 h1:DV8QugdWtfyuGSDC+sc6z5vzMMSokah0vh4GqSr7vnQ=
github.com/Nishant-Pall/bengoder v0.1.0/go.mod h1:3c9OqS4Ni+EzT+DKvdZxFwunoXhxHxy3ICxPhgLnFgA=
github.com/Nishant-Pall/bengoder v0.1.1 h1:ErprZ1o0f+QgMZVOnZ2Pj7YbrwfZGpHLdbU2pw5VIZ0=
github.com/Nishant-Pall/bengoder v0.1.1/go.mod h1:3c9OqS4Ni+EzT+DKvdZxFwunoXhxHxy3ICxPhgLnFgA=
github.com/Nishant-Pall/bengoder v0.1.2 h1:A2ZxSIrqKzbnG5zcuiN5o1vqjjphbTlz5kVpWTsZrqs=
github.com/Nishant-Pall/bengoder v0.1.2/go.mod h1:3c9OqS4Ni+EzT+DKvdZxFwunoXhxHxy3ICxPhgLnFgA=
