github.com/Nishant-Pall/bengoder v1.0.0 h1:/ezJAQIElk/Z5e5lXUXSCQj4S0NINPCzGfuVZqobYFU=
github.com/Nishant-Pall/bengoder v1.0.0/go.mod h1:3c9OqS4Ni+EzT+DKvdZxFwunoXhxHxy3ICxPhgLnFgA=
github.com/Nishant-Pall/bengoder v1.1.0 h1:+NubaNcZ/o8ZsUPLKGDaIdrUIYiRsuRNEgvrazhOvQ4=
github.com/Nishant-Pall/bengoder v1.1.0/go.mod h1:3c9OqS4Ni+EzT+DKvdZxFwunoXhxHxy3ICxPhgLnFgA=
